// !$*UTF8*$!
{
	archiveVersion = 1;
	classes = {
	};
	objectVersion = 46;
	objects = {

/* Begin PBXBuildFile section */
		32E6811E170D9D9A00F5F907 /* main.cpp in Sources */ = {isa = PBXBuildFile; fileRef = 32E6811D170D9D9A00F5F907 /* main.cpp */; };
		32E68120170D9D9A00F5F907 /* oving7_word_count_tdt4102_iwasperu.1 in CopyFiles */ = {isa = PBXBuildFile; fileRef = 32E6811F170D9D9A00F5F907 /* oving7_word_count_tdt4102_iwasperu.1 */; };
		32E68128170E271600F5F907 /* words.cpp in Sources */ = {isa = PBXBuildFile; fileRef = 32E68126170E271600F5F907 /* words.cpp */; };
/* End PBXBuildFile section */

/* Begin PBXCopyFilesBuildPhase section */
		32E68117170D9D9A00F5F907 /* CopyFiles */ = {
			isa = PBXCopyFilesBuildPhase;
			buildActionMask = 2147483647;
			dstPath = /usr/share/man/man1/;
			dstSubfolderSpec = 0;
			files = (
				32E68120170D9D9A00F5F907 /* oving7_word_count_tdt4102_iwasperu.1 in CopyFiles */,
			);
			runOnlyForDeploymentPostprocessing = 1;
		};
/* End PBXCopyFilesBuildPhase section */

/* Begin PBXFileReference section */
		32E68119170D9D9A00F5F907 /* oving7.word_count-tdt4102-iwasperu */ = {isa = PBXFileReference; explicitFileType = "compiled.mach-o.executable"; includeInIndex = 0; path = "oving7.word_count-tdt4102-iwasperu"; sourceTree = BUILT_PRODUCTS_DIR; };
		32E6811D170D9D9A00F5F907 /* main.cpp */ = {isa = PBXFileReference; lastKnownFileType = sourcecode.cpp.cpp; path = main.cpp; sourceTree = "<group>"; };
		32E6811F170D9D9A00F5F907 /* oving7_word_count_tdt4102_iwasperu.1 */ = {isa = PBXFileReference; lastKnownFileType = text.man; path = oving7_word_count_tdt4102_iwasperu.1; sourceTree = "<group>"; };
		32E68126170E271600F5F907 /* words.cpp */ = {isa = PBXFileReference; fileEncoding = 4; lastKnownFileType = sourcecode.cpp.cpp; path = words.cpp; sourceTree = "<group>"; };
		32E68127170E271600F5F907 /* words.h */ = {isa = PBXFileReference; fileEncoding = 4; lastKnownFileType = sourcecode.c.h; path = words.h; sourceTree = "<group>"; };
/* End PBXFileReference section */

/* Begin PBXFrameworksBuildPhase section */
		32E68116170D9D9A00F5F907 /* Frameworks */ = {
			isa = PBXFrameworksBuildPhase;
			buildActionMask = 2147483647;
			files = (
			);
			runOnlyForDeploymentPostprocessing = 0;
		};
/* End PBXFrameworksBuildPhase section */

/* Begin PBXGroup section */
		32E6810E170D9D9A00F5F907 = {
			isa = PBXGroup;
			children = (
				32E6811C170D9D9A00F5F907 /* oving7.word_count-tdt4102-iwasperu */,
				32E6811A170D9D9A00F5F907 /* Products */,
			);
			sourceTree = "<group>";
		};
		32E6811A170D9D9A00F5F907 /* Products */ = {
			isa = PBXGroup;
			children = (
				32E68119170D9D9A00F5F907 /* oving7.word_count-tdt4102-iwasperu */,
			);
			name = Products;
			sourceTree = "<group>";
		};
		32E6811C170D9D9A00F5F907 /* oving7.word_count-tdt4102-iwasperu */ = {
			isa = PBXGroup;
			children = (
				32E6811D170D9D9A00F5F907 /* main.cpp */,
				32E6811F170D9D9A00F5F907 /* oving7_word_count_tdt4102_iwasperu.1 */,
				32E68126170E271600F5F907 /* words.cpp */,
				32E68127170E271600F5F907 /* words.h */,
			);
			path = "oving7.word_count-tdt4102-iwasperu";
			sourceTree = "<group>";
		};
/* End PBXGroup section */

/* Begin PBXNativeTarget section */
		32E68118170D9D9A00F5F907 /* oving7.word_count-tdt4102-iwasperu */ = {
			isa = PBXNativeTarget;
			buildConfigurationList = 32E68123170D9D9A00F5F907 /* Build configuration list for PBXNativeTarget "oving7.word_count-tdt4102-iwasperu" */;
			buildPhases = (
				32E68115170D9D9A00F5F907 /* Sources */,
				32E68116170D9D9A00F5F907 /* Frameworks */,
				32E68117170D9D9A00F5F907 /* CopyFiles */,
			);
			buildRules = (
			);
			dependencies = (
			);
			name = "oving7.word_count-tdt4102-iwasperu";
			productName = "oving7.word_count-tdt4102-iwasperu";
			productReference = 32E68119170D9D9A00F5F907 /* oving7.word_count-tdt4102-iwasperu */;
			productType = "com.apple.product-type.tool";
		};
/* End PBXNativeTarget section */

/* Begin PBXProject section */
		32E68110170D9D9A00F5F907 /* Project object */ = {
			isa = PBXProject;
			attributes = {
				LastUpgradeCheck = 0450;
				ORGANIZATIONNAME = "Iver Egge";
			};
			buildConfigurationList = 32E68113170D9D9A00F5F907 /* Build configuration list for PBXProject "oving7.word_count-tdt4102-iwasperu" */;
			compatibilityVersion = "Xcode 3.2";
			developmentRegion = English;
			hasScannedForEncodings = 0;
			knownRegions = (
				en,
			);
			mainGroup = 32E6810E170D9D9A00F5F907;
			productRefGroup = 32E6811A170D9D9A00F5F907 /* Products */;
			projectDirPath = "";
			projectRoot = "";
			targets = (
				32E68118170D9D9A00F5F907 /* oving7.word_count-tdt4102-iwasperu */,
			);
		};
/* End PBXProject section */

/* Begin PBXSourcesBuildPhase section */
		32E68115170D9D9A00F5F907 /* Sources */ = {
			isa = PBXSourcesBuildPhase;
			buildActionMask = 2147483647;
			files = (
				32E6811E170D9D9A00F5F907 /* main.cpp in Sources */,
				32E68128170E271600F5F907 /* words.cpp in Sources */,
			);
			runOnlyForDeploymentPostprocessing = 0;
		};
/* End PBXSourcesBuildPhase section */

/* Begin XCBuildConfiguration section */
		32E68121170D9D9A00F5F907 /* Debug */ = {
			isa = XCBuildConfiguration;
			buildSettings = {
				ALWAYS_SEARCH_USER_PATHS = NO;
				ARCHS = "$(ARCHS_STANDARD_64_BIT)";
				CLANG_CXX_LANGUAGE_STANDARD = "gnu++0x";
				CLANG_CXX_LIBRARY = "libc++";
				CLANG_ENABLE_OBJC_ARC = YES;
				CLANG_WARN_EMPTY_BODY = YES;
				CLANG_WARN__DUPLICATE_METHOD_MATCH = YES;
				COPY_PHASE_STRIP = NO;
				GCC_C_LANGUAGE_STANDARD = gnu99;
				GCC_DYNAMIC_NO_PIC = NO;
				GCC_ENABLE_OBJC_EXCEPTIONS = YES;
				GCC_OPTIMIZATION_LEVEL = 0;
				GCC_PREPROCESSOR_DEFINITIONS = (
					"DEBUG=1",
					"$(inherited)",
				);
				GCC_SYMBOLS_PRIVATE_EXTERN = NO;
				GCC_WARN_64_TO_32_BIT_CONVERSION = YES;
				GCC_WARN_ABOUT_RETURN_TYPE = YES;
				GCC_WARN_UNINITIALIZED_AUTOS = YES;
				GCC_WARN_UNUSED_VARIABLE = YES;
				MACOSX_DEPLOYMENT_TARGET = 10.8;
				ONLY_ACTIVE_ARCH = YES;
				SDKROOT = macosx;
			};
			name = Debug;
		};
		32E68122170D9D9A00F5F907 /* Release */ = {
			isa = XCBuildConfiguration;
			buildSettings = {
				ALWAYS_SEARCH_USER_PATHS = NO;
				ARCHS = "$(ARCHS_STANDARD_64_BIT)";
				CLANG_CXX_LANGUAGE_STANDARD = "gnu++0x";
				CLANG_CXX_LIBRARY = "libc++";
				CLANG_ENABLE_OBJC_ARC = YES;
				CLANG_WARN_EMPTY_BODY = YES;
				CLANG_WARN__DUPLICATE_METHOD_MATCH = YES;
				COPY_PHASE_STRIP = YES;
				DEBUG_INFORMATION_FORMAT = "dwarf-with-dsym";
				GCC_C_LANGUAGE_STANDARD = gnu99;
				GCC_ENABLE_OBJC_EXCEPTIONS = YES;
				GCC_WARN_64_TO_32_BIT_CONVERSION = YES;
				GCC_WARN_ABOUT_RETURN_TYPE = YES;
				GCC_WARN_UNINITIALIZED_AUTOS = YES;
				GCC_WARN_UNUSED_VARIABLE = YES;
				MACOSX_DEPLOYMENT_TARGET = 10.8;
				SDKROOT = macosx;
			};
			name = Release;
		};
		32E68124170D9D9A00F5F907 /* Debug */ = {
			isa = XCBuildConfiguration;
			buildSettings = {
				PRODUCT_NAME = "$(TARGET_NAME)";
			};
			name = Debug;
		};
		32E68125170D9D9A00F5F907 /* Release */ = {
			isa = XCBuildConfiguration;
			buildSettings = {
				PRODUCT_NAME = "$(TARGET_NAME)";
			};
			name = Release;
		};
/* End XCBuildConfiguration section */

/* Begin XCConfigurationList section */
		32E68113170D9D9A00F5F907 /* Build configuration list for PBXProject "oving7.word_count-tdt4102-iwasperu" */ = {
			isa = XCConfigurationList;
			buildConfigurations = (
				32E68121170D9D9A00F5F907 /* Debug */,
				32E68122170D9D9A00F5F907 /* Release */,
			);
			defaultConfigurationIsVisible = 0;
			defaultConfigurationName = Release;
		};
		32E68123170D9D9A00F5F907 /* Build configuration list for PBXNativeTarget "oving7.word_count-tdt4102-iwasperu" */ = {
			isa = XCConfigurationList;
			buildConfigurations = (
				32E68124170D9D9A00F5F907 /* Debug */,
				32E68125170D9D9A00F5F907 /* Release */,
			);
			defaultConfigurationIsVisible = 0;
		};
/* End XCConfigurationList section */
	};
	rootObject = 32E68110170D9D9A00F5F907 /* Project object */;
}
